# THIS IS AN AUTOGENERATED FILE. DO NOT EDIT THIS FILE DIRECTLY.
# yarn lockfile v1


"@primeng/themes@19.0.2":
  version "19.0.2"
  resolved "https://registry.yarnpkg.com/@primeng/themes/-/themes-19.0.2.tgz#f2e8b62651a0de7cebc3ef6c14a92f9b02642d63"
  integrity sha512-rPLSUkoW6M36Jjd27XD0biiT6C0VdRx024he6ZRgGpFH5WrnKDJPbbzCdLNFF7JCvEgmBHWEDwnmpHgywjrn2g==
  dependencies:
    "@primeuix/styled" "^0.3.2"

"@primeuix/styled@^0.3.2":
  version "0.3.2"
  resolved "https://registry.yarnpkg.com/@primeuix/styled/-/styled-0.3.2.tgz#a6093e81a66fc78b915b5e8d998cc73c2c47a1dc"
  integrity sha512-ColZes0+/WKqH4ob2x8DyNYf1NENpe5ZguOvx5yCLxaP8EIMVhLjWLO/3umJiDnQU4XXMLkn2mMHHw+fhTX/mw==
  dependencies:
    "@primeuix/utils" "^0.3.2"

"@primeuix/utils@^0.3.2":
  version "0.3.2"
  resolved "https://registry.yarnpkg.com/@primeuix/utils/-/utils-0.3.2.tgz#dbf92f6b5e18abe214f592a0b51bf4ca02a1f808"
  integrity sha512-B+nphqTQeq+i6JuICLdVWnDMjONome2sNz0xI65qIOyeB4EF12CoKRiCsxuZ5uKAkHi/0d1LqlQ9mIWRSdkavw==

"@types/lodash-es@~4.17.7":
  version "4.17.12"
  resolved "https://registry.yarnpkg.com/@types/lodash-es/-/lodash-es-4.17.12.tgz#65f6d1e5f80539aa7cfbfc962de5def0cf4f341b"
  integrity sha512-0NgftHUcV4v34VhXm8QBSftKVXtbkBG3ViCjs6+eJ5a6y6Mi/jiFGPc1sC7QK+9BFhWrURE3EOggmWaSxL9OzQ==
  dependencies:
    "@types/lodash" "*"

"@types/lodash@*":
  version "4.17.13"
  resolved "https://registry.yarnpkg.com/@types/lodash/-/lodash-4.17.13.tgz#786e2d67cfd95e32862143abe7463a7f90c300eb"
  integrity sha512-lfx+dftrEZcdBPczf9d0Qv0x+j/rfNCMuC6OcfXmO8gkfeNAY88PgKUbvG56whcN23gc27yenwF6oJZXGFpYxg==

"@types/luxon@^3.3.2":
  version "3.4.2"
  resolved "https://registry.yarnpkg.com/@types/luxon/-/luxon-3.4.2.tgz#e4fc7214a420173cea47739c33cdf10874694db7"
  integrity sha512-TifLZlFudklWlMBfhubvgqTXRzLDI5pCbGa4P8a3wPyUQSW+1xQ5eDsreP9DWHX3tjq1ke96uYG/nwundroWcA==

"@types/uuid@^9.0.1":
  version "9.0.8"
  resolved "https://registry.yarnpkg.com/@types/uuid/-/uuid-9.0.8.tgz#7545ba4fc3c003d6c756f651f3bf163d8f0f29ba"
  integrity sha512-jg+97EGIcY9AGHJJRaaPVgetKDsrTgbRjQ5Msgjh/DQKEFl0DtyRr/VCOyD1T2R1MNeWPK/u7JoGhlDZnKBAfA==

"@types/validator@~13.7.15":
  version "13.7.17"
  resolved "https://registry.yarnpkg.com/@types/validator/-/validator-13.7.17.tgz#0a6d1510395065171e3378a4afc587a3aefa7cc1"
  integrity sha512-aqayTNmeWrZcvnG2MG9eGYI6b7S5fl+yKgPs6bAjOTwPS316R5SxBGKvtSExfyoJU7pIeHJfsHI0Ji41RVMkvQ==

primeng@19.0.2:
  version "19.0.2"
  resolved "https://registry.yarnpkg.com/primeng/-/primeng-19.0.2.tgz#1a5fda286d404d5bd8bc7f10897a44b7ad677b03"
  integrity sha512-7vizB1ynvvADjZBE9/Ks/YFwbY/d2tKYo+8Uq3OsBq9+rf9pIwKQIhd9GKkpe1gXx5Ig2SOFVeTp1Ru4H/vlVA==
  dependencies:
    "@primeuix/styled" "^0.3.2"
    "@primeuix/utils" "^0.3.2"
    tslib "^2.3.0"

tslib@^2.3.0:
  version "2.8.1"
  resolved "https://registry.yarnpkg.com/tslib/-/tslib-2.8.1.tgz#612efe4ed235d567e8aba5f2a5fab70280ade83f"
  integrity sha512-oJFu94HQb+KVduSUQL7wnpmqnfmLsOA/nAh6b6EH0wCEoK0/mPeXU6c3wKDV83MkOuHPRHtSXKKU99IBazS/2w==
